
Microsoft Visual Studio Solution File, Format Version 12.00
# Visual Studio Version 17
VisualStudioVersion = 17.0.31903.59
MinimumVisualStudioVersion = 10.0.40219.1
Project("{2150E333-8FDC-42A3-9474-1A3956D46DE8}") = "src", "src", "{827E0CD3-B72D-47B6-A68D-7590B98EB39B}"
EndProject
Project("{FAE04EC0-301F-11D3-BF4B-00C04F79EFBC}") = "AttendanceAgent", "src\AttendanceAgent\AttendanceAgent.csproj", "{46D360BA-BC55-4D3A-9AE5-A31138B653B2}"
EndProject
Project("{FAE04EC0-301F-11D3-BF4B-00C04F79EFBC}") = "AttendanceAgent.Tests", "tests\AttendanceAgent.Tests\AttendanceAgent.Tests.csproj", "{22F12E2B-A07D-4E24-9F9B-1B9702B5F7BB}"
EndProject
Global
	GlobalSection(SolutionConfigurationPlatforms) = preSolution
		Debug|Any CPU = Debug|Any CPU
		Debug|x64 = Debug|x64
		Debug|x86 = Debug|x86
		Release|Any CPU = Release|Any CPU
		Release|x64 = Release|x64
		Release|x86 = Release|x86
	EndGlobalSection
	GlobalSection(ProjectConfigurationPlatforms) = postSolution
		{46D360BA-BC55-4D3A-9AE5-A31138B653B2}.Debug|Any CPU.ActiveCfg = Debug|Any CPU
		{46D360BA-BC55-4D3A-9AE5-A31138B653B2}.Debug|Any CPU.Build.0 = Debug|Any CPU
		{46D360BA-BC55-4D3A-9AE5-A31138B653B2}.Debug|x64.ActiveCfg = Debug|Any CPU
		{46D360BA-BC55-4D3A-9AE5-A31138B653B2}.Debug|x64.Build.0 = Debug|Any CPU
		{46D360BA-BC55-4D3A-9AE5-A31138B653B2}.Debug|x86.ActiveCfg = Debug|Any CPU
		{46D360BA-BC55-4D3A-9AE5-A31138B653B2}.Debug|x86.Build.0 = Debug|Any CPU
		{46D360BA-BC55-4D3A-9AE5-A31138B653B2}.Release|Any CPU.ActiveCfg = Release|Any CPU
		{46D360BA-BC55-4D3A-9AE5-A31138B653B2}.Release|Any CPU.Build.0 = Release|Any CPU
		{46D360BA-BC55-4D3A-9AE5-A31138B653B2}.Release|x64.ActiveCfg = Release|Any CPU
		{46D360BA-BC55-4D3A-9AE5-A31138B653B2}.Release|x64.Build.0 = Release|Any CPU
		{46D360BA-BC55-4D3A-9AE5-A31138B653B2}.Release|x86.ActiveCfg = Release|Any CPU
		{46D360BA-BC55-4D3A-9AE5-A31138B653B2}.Release|x86.Build.0 = Release|Any CPU
		{22F12E2B-A07D-4E24-9F9B-1B9702B5F7BB}.Debug|Any CPU.ActiveCfg = Debug|Any CPU
		{22F12E2B-A07D-4E24-9F9B-1B9702B5F7BB}.Debug|Any CPU.Build.0 = Debug|Any CPU
		{22F12E2B-A07D-4E24-9F9B-1B9702B5F7BB}.Debug|x64.ActiveCfg = Debug|Any CPU
		{22F12E2B-A07D-4E24-9F9B-1B9702B5F7BB}.Debug|x64.Build.0 = Debug|Any CPU
		{22F12E2B-A07D-4E24-9F9B-1B9702B5F7BB}.Debug|x86.ActiveCfg = Debug|Any CPU
		{22F12E2B-A07D-4E24-9F9B-1B9702B5F7BB}.Debug|x86.Build.0 = Debug|Any CPU
		{22F12E2B-A07D-4E24-9F9B-1B9702B5F7BB}.Release|Any CPU.ActiveCfg = Release|Any CPU
		{22F12E2B-A07D-4E24-9F9B-1B9702B5F7BB}.Release|Any CPU.Build.0 = Release|Any CPU
		{22F12E2B-A07D-4E24-9F9B-1B9702B5F7BB}.Release|x64.ActiveCfg = Release|Any CPU
		{22F12E2B-A07D-4E24-9F9B-1B9702B5F7BB}.Release|x64.Build.0 = Release|Any CPU
		{22F12E2B-A07D-4E24-9F9B-1B9702B5F7BB}.Release|x86.ActiveCfg = Release|Any CPU
		{22F12E2B-A07D-4E24-9F9B-1B9702B5F7BB}.Release|x86.Build.0 = Release|Any CPU
	EndGlobalSection
	GlobalSection(SolutionProperties) = preSolution
		HideSolutionNode = FALSE
	EndGlobalSection
	GlobalSection(NestedProjects) = preSolution
		{46D360BA-BC55-4D3A-9AE5-A31138B653B2} = {827E0CD3-B72D-47B6-A68D-7590B98EB39B}
		{22F12E2B-A07D-4E24-9F9B-1B9702B5F7BB} = {827E0CD3-B72D-47B6-A68D-7590B98EB39B}
	EndGlobalSection
EndGlobal
